version = 1
revision = 3
requires-python = ">=3.11"

[[package]]
name = "async-timeout"
version = "5.0.1"
source = { registry = "https://pypi.org/simple" }
sdist = { url = "https://files.pythonhosted.org/packages/a5/ae/136395dfbfe00dfc94da3f3e136d0b13f394cba8f4841120e34226265780/async_timeout-5.0.1.tar.gz", hash = "sha256:d9321a7a3d5a6a5e187e824d2fa0793ce379a202935782d555d6e9d2735677d3", size = 9274, upload-time = "2024-11-06T16:41:39.6Z" }
wheels = [
    { url = "https://files.pythonhosted.org/packages/fe/ba/e2081de779ca30d473f21f5b30e0e737c438205440784c7dfc81efc2b029/async_timeout-5.0.1-py3-none-any.whl", hash = "sha256:39e3809566ff85354557ec2398b55e096c8364bacac9405a7a1fa429e77fe76c", size = 6233, upload-time = "2024-11-06T16:41:37.9Z" },
]

[[package]]
name = "colorama"
version = "0.4.6"
source = { registry = "https://pypi.org/simple" }
sdist = { url = "https://files.pythonhosted.org/packages/d8/53/6f443c9a4a8358a93a6792e2acffb9d9d5cb0a5cfd8802644b7b1c9a02e4/colorama-0.4.6.tar.gz", hash = "sha256:08695f5cb7ed6e0531a20572697297273c47b8cae5a63ffc6d6ed5c201be6e44", size = 27697, upload-time = "2022-10-25T02:36:22.414Z" }
wheels = [
    { url = "https://files.pythonhosted.org/packages/d1/d6/3965ed04c63042e047cb6a3e6ed1a63a35087b6a609aa3a15ed8ac56c221/colorama-0.4.6-py2.py3-none-any.whl", hash = "sha256:4f1d9991f5acc0ca119f9d443620b77f9d6b33703e51011c16baf57afb285fc6", size = 25335, upload-time = "2022-10-25T02:36:20.889Z" },
]

[[package]]
name = "hypothesis"
version = "6.152.7"
source = { registry = "https://pypi.org/simple" }
dependencies = [
    { name = "sortedcontainers" },
]
sdist = { url = "https://files.pythonhosted.org/packages/91/dd/19d273652eb20dac15f32bbc484f2f6d51ccd8fe51fdb27da3f85f9017e8/hypothesis-6.152.7.tar.gz", hash = "sha256:741dedcede2ae0f32c32929a5992804b61f2b0400403b6a51a881a2b58482782", size = 468147, upload-time = "2026-05-13T04:19:34.124Z" }
wheels = [
    { url = "https://files.pythonhosted.org/packages/0a/1e/8222edaee03c37350eaa726213614e343a62f1e56396dd000ad9277bfa3d/hypothesis-6.152.7-py3-none-any.whl", hash = "sha256:c0b17dd428fcb6e962f60315f6f4a77816c72fbb281ce9ba73699dabead5ec82", size = 533802, upload-time = "2026-05-13T04:19:30.635Z" },
]

[[package]]
name = "iniconfig"
version = "2.3.0"
source = { registry = "https://pypi.org/simple" }
sdist = { url = "https://files.pythonhosted.org/packages/72/34/14ca021ce8e5dfedc35312d08ba8bf51fdd999c576889fc2c24cb97f4f10/iniconfig-2.3.0.tar.gz", hash = "sha256:c76315c77db068650d49c5b56314774a7804df16fee4402c1f19d6d15d8c4730", size = 20503, upload-time = "2025-10-18T21:55:43.219Z" }
wheels = [
    { url = "https://files.pythonhosted.org/packages/cb/b1/3846dd7f199d53cb17f49cba7e651e9ce294d8497c8c150530ed11865bb8/iniconfig-2.3.0-py3-none-any.whl", hash = "sha256:f631c04d2c48c52b84d0d0549c99ff3859c98df65b3101406327ecc7d53fbf12", size = 7484, upload-time = "2025-10-18T21:55:41.639Z" },
]

[[package]]
name = "packaging"
version = "26.2"
source = { registry = "https://pypi.org/simple" }
sdist = { url = "https://files.pythonhosted.org/packages/d7/f1/e7a6dd94a8d4a5626c03e4e99c87f241ba9e350cd9e6d75123f992427270/packaging-26.2.tar.gz", hash = "sha256:ff452ff5a3e828ce110190feff1178bb1f2ea2281fa2075aadb987c2fb221661", size = 228134, upload-time = "2026-04-24T20:15:23.917Z" }
wheels = [
    { url = "https://files.pythonhosted.org/packages/df/b2/87e62e8c3e2f4b32e5fe99e0b86d576da1312593b39f47d8ceef365e95ed/packaging-26.2-py3-none-any.whl", hash = "sha256:5fc45236b9446107ff2415ce77c807cee2862cb6fac22b8a73826d0693b0980e", size = 100195, upload-time = "2026-04-24T20:15:22.081Z" },
]

[[package]]
name = "pluggy"
version = "1.6.0"
source = { registry = "https://pypi.org/simple" }
sdist = { url = "https://files.pythonhosted.org/packages/f9/e2/3e91f31a7d2b083fe6ef3fa267035b518369d9511ffab804f839851d2779/pluggy-1.6.0.tar.gz", hash = "sha256:7dcc130b76258d33b90f61b658791dede3486c3e6bfb003ee5c9bfb396dd22f3", size = 69412, upload-time = "2025-05-15T12:30:07.975Z" }
wheels = [
    { url = "https://files.pythonhosted.org/packages/54/20/4d324d65cc6d9205fabedc306948156824eb9f0ee1633355a8f7ec5c66bf/pluggy-1.6.0-py3-none-any.whl", hash = "sha256:e920276dd6813095e9377c0bc5566d94c932c33b27a3e3945d8389c374dd4746", size = 20538, upload-time = "2025-05-15T12:30:06.134Z" },
]

[[package]]
name = "pybeckerplus"
version = "0.3.0"
source = { editable = "." }
dependencies = [
    { name = "serialx" },
]

[package.dev-dependencies]
dev = [
    { name = "hypothesis" },
    { name = "pytest" },
    { name = "pytest-asyncio" },
    { name = "ruff" },
    { name = "ty" },
]

[package.metadata]
requires-dist = [{ name = "serialx", specifier = ">=1.0.0" }]

[package.metadata.requires-dev]
dev = [
    { name = "hypothesis", specifier = ">=6.152.7" },
    { name = "pytest", specifier = ">=9.0.0" },
    { name = "pytest-asyncio", specifier = ">=1.3.0" },
    { name = "ruff", specifier = ">=0.15.16" },
    { name = "ty", specifier = ">=0.0.36" },
]

[[package]]
name = "pygments"
version = "2.20.0"
source = { registry = "https://pypi.org/simple" }
sdist = { url = "https://files.pythonhosted.org/packages/c3/b2/bc9c9196916376152d655522fdcebac55e66de6603a76a02bca1b6414f6c/pygments-2.20.0.tar.gz", hash = "sha256:6757cd03768053ff99f3039c1a36d6c0aa0b263438fcab17520b30a303a82b5f", size = 4955991, upload-time = "2026-03-29T13:29:33.898Z" }
wheels = [
    { url = "https://files.pythonhosted.org/packages/f4/7e/a72dd26f3b0f4f2bf1dd8923c85f7ceb43172af56d63c7383eb62b332364/pygments-2.20.0-py3-none-any.whl", hash = "sha256:81a9e26dd42fd28a23a2d169d86d7ac03b46e2f8b59ed4698fb4785f946d0176", size = 1231151, upload-time = "2026-03-29T13:29:30.038Z" },
]

[[package]]
name = "pytest"
version = "9.0.3"
source = { registry = "https://pypi.org/simple" }
dependencies = [
    { name = "colorama", marker = "sys_platform == 'win32'" },
    { name = "iniconfig" },
    { name = "packaging" },
    { name = "pluggy" },
    { name = "pygments" },
]
sdist = { url = "https://files.pythonhosted.org/packages/7d/0d/549bd94f1a0a402dc8cf64563a117c0f3765662e2e668477624baeec44d5/pytest-9.0.3.tar.gz", hash = "sha256:b86ada508af81d19edeb213c681b1d48246c1a91d304c6c81a427674c17eb91c", size = 1572165, upload-time = "2026-04-07T17:16:18.027Z" }
wheels = [
    { url = "https://files.pythonhosted.org/packages/d4/24/a372aaf5c9b7208e7112038812994107bc65a84cd00e0354a88c2c77a617/pytest-9.0.3-py3-none-any.whl", hash = "sha256:2c5efc453d45394fdd706ade797c0a81091eccd1d6e4bccfcd476e2b8e0ab5d9", size = 375249, upload-time = "2026-04-07T17:16:16.13Z" },
]

[[package]]
name = "pytest-asyncio"
version = "1.3.0"
source = { registry = "https://pypi.org/simple" }
dependencies = [
    { name = "pytest" },
    { name = "typing-extensions", marker = "python_full_version < '3.13'" },
]
sdist = { url = "https://files.pythonhosted.org/packages/90/2c/8af215c0f776415f3590cac4f9086ccefd6fd463befeae41cd4d3f193e5a/pytest_asyncio-1.3.0.tar.gz", hash = "sha256:d7f52f36d231b80ee124cd216ffb19369aa168fc10095013c6b014a34d3ee9e5", size = 50087, upload-time = "2025-11-10T16:07:47.256Z" }
wheels = [
    { url = "https://files.pythonhosted.org/packages/e5/35/f8b19922b6a25bc0880171a2f1a003eaeb93657475193ab516fd87cac9da/pytest_asyncio-1.3.0-py3-none-any.whl", hash = "sha256:611e26147c7f77640e6d0a92a38ed17c3e9848063698d5c93d5aa7aa11cebff5", size = 15075, upload-time = "2025-11-10T16:07:45.537Z" },
]

[[package]]
name = "pywin32"
version = "311"
source = { registry = "https://pypi.org/simple" }
wheels = [
    { url = "https://files.pythonhosted.org/packages/7c/af/449a6a91e5d6db51420875c54f6aff7c97a86a3b13a0b4f1a5c13b988de3/pywin32-311-cp311-cp311-win32.whl", hash = "sha256:184eb5e436dea364dcd3d2316d577d625c0351bf237c4e9a5fabbcfa5a58b151", size = 8697031, upload-time = "2025-07-14T20:13:13.266Z" },
    { url = "https://files.pythonhosted.org/packages/51/8f/9bb81dd5bb77d22243d33c8397f09377056d5c687aa6d4042bea7fbf8364/pywin32-311-cp311-cp311-win_amd64.whl", hash = "sha256:3ce80b34b22b17ccbd937a6e78e7225d80c52f5ab9940fe0506a1a16f3dab503", size = 9508308, upload-time = "2025-07-14T20:13:15.147Z" },
    { url = "https://files.pythonhosted.org/packages/44/7b/9c2ab54f74a138c491aba1b1cd0795ba61f144c711daea84a88b63dc0f6c/pywin32-311-cp311-cp311-win_arm64.whl", hash = "sha256:a733f1388e1a842abb67ffa8e7aad0e70ac519e09b0f6a784e65a136ec7cefd2", size = 8703930, upload-time = "2025-07-14T20:13:16.945Z" },
    { url = "https://files.pythonhosted.org/packages/e7/ab/01ea1943d4eba0f850c3c61e78e8dd59757ff815ff3ccd0a84de5f541f42/pywin32-311-cp312-cp312-win32.whl", hash = "sha256:750ec6e621af2b948540032557b10a2d43b0cee2ae9758c54154d711cc852d31", size = 8706543, upload-time = "2025-07-14T20:13:20.765Z" },
    { url = "https://files.pythonhosted.org/packages/d1/a8/a0e8d07d4d051ec7502cd58b291ec98dcc0c3fff027caad0470b72cfcc2f/pywin32-311-cp312-cp312-win_amd64.whl", hash = "sha256:b8c095edad5c211ff31c05223658e71bf7116daa0ecf3ad85f3201ea3190d067", size = 9495040, upload-time = "2025-07-14T20:13:22.543Z" },
    { url = "https://files.pythonhosted.org/packages/ba/3a/2ae996277b4b50f17d61f0603efd8253cb2d79cc7ae159468007b586396d/pywin32-311-cp312-cp312-win_arm64.whl", hash = "sha256:e286f46a9a39c4a18b319c28f59b61de793654af2f395c102b4f819e584b5852", size = 8710102, upload-time = "2025-07-14T20:13:24.682Z" },
    { url = "https://files.pythonhosted.org/packages/a5/be/3fd5de0979fcb3994bfee0d65ed8ca9506a8a1260651b86174f6a86f52b3/pywin32-311-cp313-cp313-win32.whl", hash = "sha256:f95ba5a847cba10dd8c4d8fefa9f2a6cf283b8b88ed6178fa8a6c1ab16054d0d", size = 8705700, upload-time = "2025-07-14T20:13:26.471Z" },
    { url = "https://files.pythonhosted.org/packages/e3/28/e0a1909523c6890208295a29e05c2adb2126364e289826c0a8bc7297bd5c/pywin32-311-cp313-cp313-win_amd64.whl", hash = "sha256:718a38f7e5b058e76aee1c56ddd06908116d35147e133427e59a3983f703a20d", size = 9494700, upload-time = "2025-07-14T20:13:28.243Z" },
    { url = "https://files.pythonhosted.org/packages/04/bf/90339ac0f55726dce7d794e6d79a18a91265bdf3aa70b6b9ca52f35e022a/pywin32-311-cp313-cp313-win_arm64.whl", hash = "sha256:7b4075d959648406202d92a2310cb990fea19b535c7f4a78d3f5e10b926eeb8a", size = 8709318, upload-time = "2025-07-14T20:13:30.348Z" },
    { url = "https://files.pythonhosted.org/packages/c9/31/097f2e132c4f16d99a22bfb777e0fd88bd8e1c634304e102f313af69ace5/pywin32-311-cp314-cp314-win32.whl", hash = "sha256:b7a2c10b93f8986666d0c803ee19b5990885872a7de910fc460f9b0c2fbf92ee", size = 8840714, upload-time = "2025-07-14T20:13:32.449Z" },
    { url = "https://files.pythonhosted.org/packages/90/4b/07c77d8ba0e01349358082713400435347df8426208171ce297da32c313d/pywin32-311-cp314-cp314-win_amd64.whl", hash = "sha256:3aca44c046bd2ed8c90de9cb8427f581c479e594e99b5c0bb19b29c10fd6cb87", size = 9656800, upload-time = "2025-07-14T20:13:34.312Z" },
    { url = "https://files.pythonhosted.org/packages/c0/d2/21af5c535501a7233e734b8af901574572da66fcc254cb35d0609c9080dd/pywin32-311-cp314-cp314-win_arm64.whl", hash = "sha256:a508e2d9025764a8270f93111a970e1d0fbfc33f4153b388bb649b7eec4f9b42", size = 8932540, upload-time = "2025-07-14T20:13:36.379Z" },
]

[[package]]
name = "ruff"
version = "0.15.16"
source = { registry = "https://pypi.org/simple" }
sdist = { url = "https://files.pythonhosted.org/packages/a6/bd/5f7ec371001337d8fa61701c186ff8b613ecac1651848c5950f4c4d5f2e9/ruff-0.15.16.tar.gz", hash = "sha256:d05e78d38c78caf020b03789e25106c93017db5a0cb6e2819885018c61343b78", size = 4714267, upload-time = "2026-06-04T16:33:09.974Z" }
wheels = [
    { url = "https://files.pythonhosted.org/packages/0c/42/53ef1c3953f157956db9bf7861e3bc50b9b887ce93300aa48cdba8336fe6/ruff-0.15.16-py3-none-linux_armv6l.whl", hash = "sha256:6ac3c0b3969cc6cf6b158c4e2f8f682acb58e7d700d8a44b65ecdc72d66ab0b2", size = 10709025, upload-time = "2026-06-04T16:32:51.935Z" },
    { url = "https://files.pythonhosted.org/packages/93/9a/a79159346f19134a956607754e57d8d128f7a4c00f4ad2f7514d224c172c/ruff-0.15.16-py3-none-macosx_10_12_x86_64.whl", hash = "sha256:197c207ed75ffba54a0dec23db4aa939a27a3053073e085e0042433cbdc58e4a", size = 11063550, upload-time = "2026-06-04T16:32:42.24Z" },
    { url = "https://files.pythonhosted.org/packages/bc/72/3ce2ac000a5299ec238e01f51397b3b653c93b077d9b1bfe8715bb895f20/ruff-0.15.16-py3-none-macosx_11_0_arm64.whl", hash = "sha256:3a39fec45ab316cc23e7558f23fea4a70403ddb5648ea9a4a3854a16973d0071", size = 10421345, upload-time = "2026-06-04T16:32:37.251Z" },
    { url = "https://files.pythonhosted.org/packages/b0/c2/cc7fad3ec9169373f5b6a18f1917b91080feec40c3f9658334a1d28e2f03/ruff-0.15.16-py3-none-manylinux_2_17_aarch64.manylinux2014_aarch64.whl", hash = "sha256:ba93191d79003116b95128c9d306e045200fdbd0bccb782b110f3cd1d4abc5cf", size = 10757217, upload-time = "2026-06-04T16:32:54.722Z" },
    { url = "https://files.pythonhosted.org/packages/69/d2/3474009eaa0a65b31fa7152a2fad5e2f050c640ceb1e6b02ee6922e94c82/ruff-0.15.16-py3-none-manylinux_2_17_armv7l.manylinux2014_armv7l.whl", hash = "sha256:c6ee4b90520630120ef032aa5cc10db483852dff950e78b1d717e2993a61ac8d", size = 10507035, upload-time = "2026-06-04T16:33:05.343Z" },
    { url = "https://files.pythonhosted.org/packages/ca/81/b7ae6ccbd11f0c8dc3d5d67fc4be9b57ff57ca86ba56152021378e1277f2/ruff-0.15.16-py3-none-manylinux_2_17_i686.manylinux2014_i686.whl", hash = "sha256:4e4215bc938bc3c8215c1472c1aa437e310fee20cd427335fec9d7e609563628", size = 11255291, upload-time = "2026-06-04T16:32:49.49Z" },
    { url = "https://files.pythonhosted.org/packages/d9/e1/46e526f1a7cc90857ce6ddf25fbb77eb6568651ac38d71b033af07076dd5/ruff-0.15.16-py3-none-manylinux_2_17_ppc64le.manylinux2014_ppc64le.whl", hash = "sha256:7c8d26be963b090f10e29abc8b3e74a2a321f6fa34e02424e30b5af89350ecbb", size = 12124922, upload-time = "2026-06-04T16:33:07.821Z" },
    { url = "https://files.pythonhosted.org/packages/1a/da/5c791b088b596b24d0deb967fa28ae02ad751a140c0b9ea81c5ab915d6c0/ruff-0.15.16-py3-none-manylinux_2_17_s390x.manylinux2014_s390x.whl", hash = "sha256:f198cf4123602a2280ed46c307bcbafe41758d6fee5b456b6b6058ca1514b3b4", size = 11332186, upload-time = "2026-06-04T16:33:02.971Z" },
    { url = "https://files.pythonhosted.org/packages/72/11/5da87abe20047c8962361473923ebb2f62b595250126aadfad8c20649c1e/ruff-0.15.16-py3-none-manylinux_2_17_x86_64.manylinux2014_x86_64.whl", hash = "sha256:bb27515fa6240fb586ae82b901a59e67d24acff86f2190b433dc542fe0435aeb", size = 11373541, upload-time = "2026-06-04T16:32:47.007Z" },
    { url = "https://files.pythonhosted.org/packages/fe/2a/8554754c23a854ae3fd6b507e36ad61ddb121e298c6d5d617dec94ed0f14/ruff-0.15.16-py3-none-manylinux_2_31_riscv64.whl", hash = "sha256:a267c46ba1593fc26b8eecbea050b39d40c0b6bb7781ee11c90a02cd10032951", size = 11353014, upload-time = "2026-06-04T16:32:34.795Z" },
    { url = "https://files.pythonhosted.org/packages/62/25/62ea41529ec89f742ea3fed9cb1059c72877ec7cf9b9e99ac9cf3294d1d9/ruff-0.15.16-py3-none-musllinux_1_2_aarch64.whl", hash = "sha256:528c68f39a91498a8d50e91ff5985df3d105782bab49cc378e73ac26bff083e8", size = 10737467, upload-time = "2026-06-04T16:32:26.348Z" },
    { url = "https://files.pythonhosted.org/packages/90/17/334d3ad9de4d40f9dd58fdd09e35ce64553bb501e2f19a839e2fb6be14fc/ruff-0.15.16-py3-none-musllinux_1_2_armv7l.whl", hash = "sha256:7ed55c58950df60589a9a7a5d2f8fa5f54ebd287163be805adfe6ee95a9de123", size = 10521910, upload-time = "2026-06-04T16:32:32.54Z" },
    { url = "https://files.pythonhosted.org/packages/4d/bd/3ac7c6ae77a885c1004b3dda2446ea401768d24f851c14b4ad4b24f6639c/ruff-0.15.16-py3-none-musllinux_1_2_i686.whl", hash = "sha256:d482feaf51512b50f9790ceb417a56a61dd1e9d9bf967662b9ed27c01b34f53a", size = 10979190, upload-time = "2026-06-04T16:32:57.492Z" },
    { url = "https://files.pythonhosted.org/packages/33/d7/609546e6a413c3f216fbf2a50c928f97c80939154f6a0503114094a86191/ruff-0.15.16-py3-none-musllinux_1_2_x86_64.whl", hash = "sha256:1e15bc8c94513dae2a40cc9ef07c94fdd4ecc9e29dabebeebe170f952322c9e3", size = 11477014, upload-time = "2026-06-04T16:32:44.687Z" },
    { url = "https://files.pythonhosted.org/packages/74/0d/f2cd247ad32633a5c36e97141a2c21b11c6279f7957bc2ff360b1e08fddd/ruff-0.15.16-py3-none-win32.whl", hash = "sha256:580378f7bd4aa25f72e74aa54948a9622f142b1e509521dd10902e886681cc1e", size = 10735541, upload-time = "2026-06-04T16:32:30.145Z" },
    { url = "https://files.pythonhosted.org/packages/8b/9e/02e845ef151b1dee585e55c4739f8e1734ae1d9f1221dff65761c162208b/ruff-0.15.16-py3-none-win_amd64.whl", hash = "sha256:408256017284eddf98fff77b29aa4fb30f586042d535b2d9befc6512f400aaec", size = 11843403, upload-time = "2026-06-04T16:32:39.76Z" },
    { url = "https://files.pythonhosted.org/packages/15/19/016553f86f207450aebebc2b2b5088d086b901cc8186c02ac4284db3bd88/ruff-0.15.16-py3-none-win_arm64.whl", hash = "sha256:8cd61783afb39638a7133ef0d2dfb1e91277593962f81b5a8423eb0b888a6121", size = 11134555, upload-time = "2026-06-04T16:33:00.136Z" },
]

[[package]]
name = "serialx"
version = "1.8.0"
source = { registry = "https://pypi.org/simple" }
dependencies = [
    { name = "async-timeout", marker = "python_full_version < '3.12'" },
    { name = "pywin32", marker = "sys_platform == 'win32'" },
    { name = "typing-extensions" },
]
sdist = { url = "https://files.pythonhosted.org/packages/84/1a/9f0a4782cc08eeb6705960fc465cf3a70298774d63c3f86e22b84ddc9465/serialx-1.8.0.tar.gz", hash = "sha256:957843ec6d1fe91454e182884c29b614fb6d93209668f44197bcbb12d373129b", size = 570883, upload-time = "2026-05-13T06:43:19.423Z" }
wheels = [
    { url = "https://files.pythonhosted.org/packages/7a/b9/a949cf2a51e038dc55e903931a5e2177cfdbcc38a4fef0614bdd1292f94c/serialx-1.8.0-cp310-abi3-macosx_10_12_x86_64.whl", hash = "sha256:426a6586b81d1d8c80074b79852fcbc512e45dee2e677e44034cf977f6cfe7d0", size = 283010, upload-time = "2026-05-13T06:43:11.474Z" },
    { url = "https://files.pythonhosted.org/packages/fb/d5/3fb88d6ddccf8685dd16f5bb4548857d0081a90724422950915c09069361/serialx-1.8.0-cp310-abi3-macosx_11_0_arm64.whl", hash = "sha256:b10770a949ac79583974853eaca887763b8ed1b03c249ce03401cd2c4664f084", size = 280557, upload-time = "2026-05-13T06:43:12.886Z" },
    { url = "https://files.pythonhosted.org/packages/3f/9b/6f13c8be34bc4f46189ebe572585d7e3d8481f7edd035a88bd20a838633e/serialx-1.8.0-cp310-abi3-win32.whl", hash = "sha256:c58b2dd3ed90e4a543d870afd60f0fe257888d2336b32fca7d3b32a55d4749f4", size = 182041, upload-time = "2026-05-13T06:43:14.333Z" },
    { url = "https://files.pythonhosted.org/packages/48/e2/b5ff96e4f56a7d59dc2286f87a3e9c1ef619d4db05a10cfceb8ca38a2145/serialx-1.8.0-cp310-abi3-win_amd64.whl", hash = "sha256:174127ed4307cc81c6dfaa9f6875f3f6075156348412aa1d31e4ee34fd64caf1", size = 188050, upload-time = "2026-05-13T06:43:15.643Z" },
    { url = "https://files.pythonhosted.org/packages/de/4a/65e4de353a30fa6b5078b4bee4fb722653203e72777107ac175572d48f2f/serialx-1.8.0-cp310-abi3-win_arm64.whl", hash = "sha256:43419e09356c2da10fce7892f5930ce989785f621d3229364c9736771ddd80dd", size = 184355, upload-time = "2026-05-13T06:43:17.143Z" },
    { url = "https://files.pythonhosted.org/packages/58/79/5292b2fd3c6e1c5bca04d04c646cc560a0d2a98590180361da1c4643fc40/serialx-1.8.0-py3-none-any.whl", hash = "sha256:650f12a33d7ddf4068c6a234c9ae1b015d92ab65b714b08def90274f555c35ab", size = 64556, upload-time = "2026-05-13T06:43:18.321Z" },
]

[[package]]
name = "sortedcontainers"
version = "2.4.0"
source = { registry = "https://pypi.org/simple" }
sdist = { url = "https://files.pythonhosted.org/packages/e8/c4/ba2f8066cceb6f23394729afe52f3bf7adec04bf9ed2c820b39e19299111/sortedcontainers-2.4.0.tar.gz", hash = "sha256:25caa5a06cc30b6b83d11423433f65d1f9d76c4c6a0c90e3379eaa43b9bfdb88", size = 30594, upload-time = "2021-05-16T22:03:42.897Z" }
wheels = [
    { url = "https://files.pythonhosted.org/packages/32/46/9cb0e58b2deb7f82b84065f37f3bffeb12413f947f9388e4cac22c4621ce/sortedcontainers-2.4.0-py2.py3-none-any.whl", hash = "sha256:a163dcaede0f1c021485e957a39245190e74249897e2ae4b2aa38595db237ee0", size = 29575, upload-time = "2021-05-16T22:03:41.177Z" },
]

[[package]]
name = "ty"
version = "0.0.36"
source = { registry = "https://pypi.org/simple" }
sdist = { url = "https://files.pythonhosted.org/packages/14/bf/4baa1533937246861afcf27a84a3bbf1a536729fc40fdbbf6c99c4218dac/ty-0.0.36.tar.gz", hash = "sha256:0350a4edc956f165ab1d1c92db3b74526fcaae16921095b63c3c6a8be313b2ff", size = 5643311, upload-time = "2026-05-15T10:19:37.359Z" }
wheels = [
    { url = "https://files.pythonhosted.org/packages/bf/08/83e6f1a8aad5fef237373c020628e3703b2a79cae134df7ae74a074b23ca/ty-0.0.36-py3-none-linux_armv6l.whl", hash = "sha256:c70fae86e68717969101ee4da11e2077efd55ea3ac4e1478b9dccf600d561086", size = 11236491, upload-time = "2026-05-15T10:19:51.863Z" },
    { url = "https://files.pythonhosted.org/packages/05/08/39fc4f4acf4430a1a2bd5f1698ac28a6d39e4c93b0e363b6ee19b5e0f5f4/ty-0.0.36-py3-none-macosx_10_12_x86_64.whl", hash = "sha256:543410bc78f38d351a388c29c6e7e0a646decdf0e8fb6b47496056030efab76f", size = 10984361, upload-time = "2026-05-15T10:19:20.755Z" },
    { url = "https://files.pythonhosted.org/packages/87/f3/92d2bc59922c0ae6baa7476a815dbfe216f7a7f8ff3a801012a330acdbe3/ty-0.0.36-py3-none-macosx_11_0_arm64.whl", hash = "sha256:a9f568ca71245f198278be8a73c30b87194277e3c8f328bb053e68399dd8dc91", size = 10423126, upload-time = "2026-05-15T10:19:45.722Z" },
    { url = "https://files.pythonhosted.org/packages/be/b2/f03701dbb5513b833680d7fd845e7e521bf8ae290eae465175049263b989/ty-0.0.36-py3-none-manylinux_2_17_aarch64.manylinux2014_aarch64.whl", hash = "sha256:4f951b2845f39a12624f3beececc3063a12ce1212c11916d3557e7e78998c9d2", size = 10943043, upload-time = "2026-05-15T10:19:23.708Z" },
    { url = "https://files.pythonhosted.org/packages/7f/32/5a186144fa4fbdace1f263047d58e2c89ac828cee4b5dda2b7dbb3496ad3/ty-0.0.36-py3-none-manylinux_2_17_armv7l.manylinux2014_armv7l.whl", hash = "sha256:45952006bf810deb25e1c4dfe9977a3cb8e9e675b2b491a6fd46717210a4a970", size = 11020866, upload-time = "2026-05-15T10:19:39.882Z" },
    { url = "https://files.pythonhosted.org/packages/a1/0f/a8f6e63eaf0c3445b076f2bf07f97440ac548db06bb892097b22351e26df/ty-0.0.36-py3-none-manylinux_2_17_i686.manylinux2014_i686.whl", hash = "sha256:7e0d7d7c14f789e66fb0296c6c1facf07e519ff5d6d0250ffc3d54479f50cf88", size = 11507375, upload-time = "2026-05-15T10:19:54.95Z" },
    { url = "https://files.pythonhosted.org/packages/c4/e2/0556e4253c285d2166037e009f50f82799f93c56ceb1c574a40da851333c/ty-0.0.36-py3-none-manylinux_2_17_ppc64le.manylinux2014_ppc64le.whl", hash = "sha256:4873e1ae8d99c67296d7908c1be70da0f6a644746751c619b49cebeff0816509", size = 12043426, upload-time = "2026-05-15T10:19:26.254Z" },
    { url = "https://files.pythonhosted.org/packages/37/0b/915d9c41ac95ab753b78b96779b94a7fe846d5715182b96d4b06c14e5910/ty-0.0.36-py3-none-manylinux_2_17_s390x.manylinux2014_s390x.whl", hash = "sha256:0e376cb976e9a8a4a5900f6e322ea4c8ac1dad0a6a8c9a10d5b15e87b8cf3f88", size = 11676680, upload-time = "2026-05-15T10:19:57.711Z" },
    { url = "https://files.pythonhosted.org/packages/b9/ee/c356541929121004aeecc2e72d4e53185d59413d78a37f27eff83292369e/ty-0.0.36-py3-none-manylinux_2_17_x86_64.manylinux2014_x86_64.whl", hash = "sha256:a002bbcc8ea6dd34b79463ae147f36e5c46ed9676767c0bc307a48e92e5e5dac", size = 11594362, upload-time = "2026-05-15T10:19:18.184Z" },
    { url = "https://files.pythonhosted.org/packages/4c/6b/aba45733431791fb7dadbb44550bbb3bdc909f7c551538d8a804639c5f4c/ty-0.0.36-py3-none-manylinux_2_31_riscv64.whl", hash = "sha256:a489fe80d42cd23c06ac8304bcbf07712f976655ca1a0e6b05040b53ccdc252b", size = 11749166, upload-time = "2026-05-15T10:19:34.969Z" },
    { url = "https://files.pythonhosted.org/packages/28/32/9a5bd2d6512ee0b4496df36521162c142f0fec8f6c33889a0bbbfe8b91f7/ty-0.0.36-py3-none-musllinux_1_2_aarch64.whl", hash = "sha256:4a19d1ca362c8c2ea85dccb39d314aaa560cec77f618fcfc6d2e056253ca552b", size = 10923862, upload-time = "2026-05-15T10:19:31.9Z" },
    { url = "https://files.pythonhosted.org/packages/36/f1/cbaf5a560c13d25842685d32afecedc193f8c9e6f7f8f03974616eb3361f/ty-0.0.36-py3-none-musllinux_1_2_armv7l.whl", hash = "sha256:0ea83a24b4a5cf1c0421c436569e70648073a20eb9d31af3ae434dde28070cb2", size = 11057070, upload-time = "2026-05-15T10:20:00.293Z" },
    { url = "https://files.pythonhosted.org/packages/59/5e/6c40145836825144600d3378cd6d6d2287ad3c079c86ceeedc4c35093394/ty-0.0.36-py3-none-musllinux_1_2_i686.whl", hash = "sha256:642421a4c56ea1a403e706dc22d0206bd5a76b08fca702ed7c7f43664b586569", size = 11184165, upload-time = "2026-05-15T10:19:29.036Z" },
    { url = "https://files.pythonhosted.org/packages/0e/5f/e9ea4193c9b01da05691064f38bcb107460c92055266dd43f8d457e82305/ty-0.0.36-py3-none-musllinux_1_2_x86_64.whl", hash = "sha256:248f933e58d3295a54438c08e8289ae782aa12c96c2d10adcaef77f973ab536d", size = 11688416, upload-time = "2026-05-15T10:19:12.083Z" },
    { url = "https://files.pythonhosted.org/packages/b5/13/576a6ec0226388d457e2ffd677485d8f532d8c852f2d8b6278c4d82813d7/ty-0.0.36-py3-none-win32.whl", hash = "sha256:0c5c806444904bb66506ea6811a751caa93860838d01210fad7f9100370c4ce9", size = 10503333, upload-time = "2026-05-15T10:19:48.825Z" },
    { url = "https://files.pythonhosted.org/packages/8a/ba/e0b42be5920f56f49b1d6b5f77fd0668e4a5c94f63402bcdc3ee53511a11/ty-0.0.36-py3-none-win_amd64.whl", hash = "sha256:79d4adf8e4ffe12b3adc822874bce963993f0de904ddb5daa9599f38e53d602a", size = 11574185, upload-time = "2026-05-15T10:19:15.177Z" },
    { url = "https://files.pythonhosted.org/packages/f8/77/42de5de13d5e473c5fb4667cb2cc1efa5d3c07df4a43d11ca4a6d6c62223/ty-0.0.36-py3-none-win_arm64.whl", hash = "sha256:a392731f68a5eff66346fdcb831d370d5e3c49aabae805081b4b70c0b6a3093b", size = 10939643, upload-time = "2026-05-15T10:19:42.593Z" },
]

[[package]]
name = "typing-extensions"
version = "4.15.0"
source = { registry = "https://pypi.org/simple" }
sdist = { url = "https://files.pythonhosted.org/packages/72/94/1a15dd82efb362ac84269196e94cf00f187f7ed21c242792a923cdb1c61f/typing_extensions-4.15.0.tar.gz", hash = "sha256:0cea48d173cc12fa28ecabc3b837ea3cf6f38c6d1136f85cbaaf598984861466", size = 109391, upload-time = "2025-08-25T13:49:26.313Z" }
wheels = [
    { url = "https://files.pythonhosted.org/packages/18/67/36e9267722cc04a6b9f15c7f3441c2363321a3ea07da7ae0c0707beb2a9c/typing_extensions-4.15.0-py3-none-any.whl", hash = "sha256:f0fa19c6845758ab08074a0cfa8b7aecb71c999ca73d62883bc25cc018c4e548", size = 44614, upload-time = "2025-08-25T13:49:24.86Z" },
]
